
Microsoft Visual Studio Solution File, Format Version 12.00
# Visual Studio Version 16
VisualStudioVersion = 16.0.31321.278
MinimumVisualStudioVersion = 10.0.40219.1
Project("{FAE04EC0-301F-11D3-BF4B-00C04F79EFBC}") = "CompanyEmployees", "CompanyEmployees.csproj", "{E57C764F-5895-427C-9D7C-F7CF18E967C7}"
EndProject
Project("{9A19103F-16F7-4668-BE54-9A1E7A4F7556}") = "Contracts", "..\Contracts\Contracts.csproj", "{A2D4AA34-5466-42E4-9435-A9389BE34134}"
EndProject
Project("{9A19103F-16F7-4668-BE54-9A1E7A4F7556}") = "Entities", "..\Entities\Entities.csproj", "{BA3243CE-1D28-49E7-BDE4-9D441208A878}"
EndProject
Project("{9A19103F-16F7-4668-BE54-9A1E7A4F7556}") = "LoggerService", "..\LoggerService\LoggerService.csproj", "{D55A2D6D-5821-4A02-9CF6-7854EEC56919}"
EndProject
Project("{9A19103F-16F7-4668-BE54-9A1E7A4F7556}") = "Repository", "..\Repository\Repository.csproj", "{83AE48AC-69D7-47D7-A823-6EAB069ED8B3}"
EndProject
Global
	GlobalSection(SolutionConfigurationPlatforms) = preSolution
		Debug|Any CPU = Debug|Any CPU
		Release|Any CPU = Release|Any CPU
	EndGlobalSection
	GlobalSection(ProjectConfigurationPlatforms) = postSolution
		{E57C764F-5895-427C-9D7C-F7CF18E967C7}.Debug|Any CPU.ActiveCfg = Debug|Any CPU
		{E57C764F-5895-427C-9D7C-F7CF18E967C7}.Debug|Any CPU.Build.0 = Debug|Any CPU
		{E57C764F-5895-427C-9D7C-F7CF18E967C7}.Release|Any CPU.ActiveCfg = Release|Any CPU
		{E57C764F-5895-427C-9D7C-F7CF18E967C7}.Release|Any CPU.Build.0 = Release|Any CPU
		{A2D4AA34-5466-42E4-9435-A9389BE34134}.Debug|Any CPU.ActiveCfg = Debug|Any CPU
		{A2D4AA34-5466-42E4-9435-A9389BE34134}.Debug|Any CPU.Build.0 = Debug|Any CPU
		{A2D4AA34-5466-42E4-9435-A9389BE34134}.Release|Any CPU.ActiveCfg = Release|Any CPU
		{A2D4AA34-5466-42E4-9435-A9389BE34134}.Release|Any CPU.Build.0 = Release|Any CPU
		{BA3243CE-1D28-49E7-BDE4-9D441208A878}.Debug|Any CPU.ActiveCfg = Debug|Any CPU
		{BA3243CE-1D28-49E7-BDE4-9D441208A878}.Debug|Any CPU.Build.0 = Debug|Any CPU
		{BA3243CE-1D28-49E7-BDE4-9D441208A878}.Release|Any CPU.ActiveCfg = Release|Any CPU
		{BA3243CE-1D28-49E7-BDE4-9D441208A878}.Release|Any CPU.Build.0 = Release|Any CPU
		{D55A2D6D-5821-4A02-9CF6-7854EEC56919}.Debug|Any CPU.ActiveCfg = Debug|Any CPU
		{D55A2D6D-5821-4A02-9CF6-7854EEC56919}.Debug|Any CPU.Build.0 = Debug|Any CPU
		{D55A2D6D-5821-4A02-9CF6-7854EEC56919}.Release|Any CPU.ActiveCfg = Release|Any CPU
		{D55A2D6D-5821-4A02-9CF6-7854EEC56919}.Release|Any CPU.Build.0 = Release|Any CPU
		{83AE48AC-69D7-47D7-A823-6EAB069ED8B3}.Debug|Any CPU.ActiveCfg = Debug|Any CPU
		{83AE48AC-69D7-47D7-A823-6EAB069ED8B3}.Debug|Any CPU.Build.0 = Debug|Any CPU
		{83AE48AC-69D7-47D7-A823-6EAB069ED8B3}.Release|Any CPU.ActiveCfg = Release|Any CPU
		{83AE48AC-69D7-47D7-A823-6EAB069ED8B3}.Release|Any CPU.Build.0 = Release|Any CPU
	EndGlobalSection
	GlobalSection(SolutionProperties) = preSolution
		HideSolutionNode = FALSE
	EndGlobalSection
	GlobalSection(ExtensibilityGlobals) = postSolution
		SolutionGuid = {E5BEDDF2-AD82-4A06-ACD6-8A3338861F5D}
	EndGlobalSection
EndGlobal
